// !$*UTF8*$!
{
	archiveVersion = 1;
	classes = {
	};
	objectVersion = 50;
	objects = {

/* Begin PBXBuildFile section */
		D6D0A97526B8085A0092733C /* AppDelegate.swift in Sources */ = {isa = PBXBuildFile; fileRef = D6D0A97426B8085A0092733C /* AppDelegate.swift */; };
		D6D0A97726B8085A0092733C /* GameScene.sks in Resources */ = {isa = PBXBuildFile; fileRef = D6D0A97626B8085A0092733C /* GameScene.sks */; };
		D6D0A97B26B8085A0092733C /* GameScene.swift in Sources */ = {isa = PBXBuildFile; fileRef = D6D0A97A26B8085A0092733C /* GameScene.swift */; };
		D6D0A97D26B8085A0092733C /* GameViewController.swift in Sources */ = {isa = PBXBuildFile; fileRef = D6D0A97C26B8085A0092733C /* GameViewController.swift */; };
		D6D0A98026B8085A0092733C /* Main.storyboard in Resources */ = {isa = PBXBuildFile; fileRef = D6D0A97E26B8085A0092733C /* Main.storyboard */; };
		D6D0A98226B8085A0092733C /* Assets.xcassets in Resources */ = {isa = PBXBuildFile; fileRef = D6D0A98126B8085A0092733C /* Assets.xcassets */; };
		D6D0A99F26B921BA0092733C /* sliceFuse.sks in Resources */ = {isa = PBXBuildFile; fileRef = D6D0A98E26B921BA0092733C /* sliceFuse.sks */; };
		D6D0A9A026B921BA0092733C /* swoosh3.caf in Resources */ = {isa = PBXBuildFile; fileRef = D6D0A98F26B921BA0092733C /* swoosh3.caf */; };
		D6D0A9A126B921BA0092733C /* launch.caf in Resources */ = {isa = PBXBuildFile; fileRef = D6D0A99026B921BA0092733C /* launch.caf */; };
		D6D0A9A326B921BA0092733C /* sliceHitBomb.sks in Resources */ = {isa = PBXBuildFile; fileRef = D6D0A99226B921BA0092733C /* sliceHitBomb.sks */; };
		D6D0A9A626B921BA0092733C /* explosion.caf in Resources */ = {isa = PBXBuildFile; fileRef = D6D0A99526B921BA0092733C /* explosion.caf */; };
		D6D0A9A826B921BA0092733C /* wrong.caf in Resources */ = {isa = PBXBuildFile; fileRef = D6D0A99726B921BA0092733C /* wrong.caf */; };
		D6D0A9A926B921BA0092733C /* sliceHitEnemy.sks in Resources */ = {isa = PBXBuildFile; fileRef = D6D0A99826B921BA0092733C /* sliceHitEnemy.sks */; };
		D6D0A9AA26B921BA0092733C /* sliceBombFuse.caf in Resources */ = {isa = PBXBuildFile; fileRef = D6D0A99926B921BA0092733C /* sliceBombFuse.caf */; };
		D6D0A9AB26B921BA0092733C /* whack.caf in Resources */ = {isa = PBXBuildFile; fileRef = D6D0A99A26B921BA0092733C /* whack.caf */; };
		D6D0A9AC26B921BA0092733C /* spark.png in Resources */ = {isa = PBXBuildFile; fileRef = D6D0A99B26B921BA0092733C /* spark.png */; };
		D6D0A9AE26B921BA0092733C /* swoosh1.caf in Resources */ = {isa = PBXBuildFile; fileRef = D6D0A99D26B921BA0092733C /* swoosh1.caf */; };
		D6D0A9AF26B921BA0092733C /* swoosh2.caf in Resources */ = {isa = PBXBuildFile; fileRef = D6D0A99E26B921BA0092733C /* swoosh2.caf */; };
/* End PBXBuildFile section */

/* Begin PBXFileReference section */
		D6D0A97126B8085A0092733C /* SwiftyNinja.app */ = {isa = PBXFileReference; explicitFileType = wrapper.application; includeInIndex = 0; path = SwiftyNinja.app; sourceTree = BUILT_PRODUCTS_DIR; };
		D6D0A97426B8085A0092733C /* AppDelegate.swift */ = {isa = PBXFileReference; lastKnownFileType = sourcecode.swift; path = AppDelegate.swift; sourceTree = "<group>"; };
		D6D0A97626B8085A0092733C /* GameScene.sks */ = {isa = PBXFileReference; lastKnownFileType = file.sks; path = GameScene.sks; sourceTree = "<group>"; };
		D6D0A97A26B8085A0092733C /* GameScene.swift */ = {isa = PBXFileReference; lastKnownFileType = sourcecode.swift; path = GameScene.swift; sourceTree = "<group>"; };
		D6D0A97C26B8085A0092733C /* GameViewController.swift */ = {isa = PBXFileReference; lastKnownFileType = sourcecode.swift; path = GameViewController.swift; sourceTree = "<group>"; };
		D6D0A97F26B8085A0092733C /* Base */ = {isa = PBXFileReference; lastKnownFileType = file.storyboard; name = Base; path = Base.lproj/Main.storyboard; sourceTree = "<group>"; };
		D6D0A98126B8085A0092733C /* Assets.xcassets */ = {isa = PBXFileReference; lastKnownFileType = folder.assetcatalog; path = Assets.xcassets; sourceTree = "<group>"; };
		D6D0A98326B8085A0092733C /* Info.plist */ = {isa = PBXFileReference; lastKnownFileType = text.plist.xml; path = Info.plist; sourceTree = "<group>"; };
		D6D0A98E26B921BA0092733C /* sliceFuse.sks */ = {isa = PBXFileReference; lastKnownFileType = file.sks; path = sliceFuse.sks; sourceTree = "<group>"; };
		D6D0A98F26B921BA0092733C /* swoosh3.caf */ = {isa = PBXFileReference; lastKnownFileType = file; path = swoosh3.caf; sourceTree = "<group>"; };
		D6D0A99026B921BA0092733C /* launch.caf */ = {isa = PBXFileReference; lastKnownFileType = file; path = launch.caf; sourceTree = "<group>"; };
		D6D0A99226B921BA0092733C /* sliceHitBomb.sks */ = {isa = PBXFileReference; lastKnownFileType = file.sks; path = sliceHitBomb.sks; sourceTree = "<group>"; };
		D6D0A99526B921BA0092733C /* explosion.caf */ = {isa = PBXFileReference; lastKnownFileType = file; path = explosion.caf; sourceTree = "<group>"; };
		D6D0A99726B921BA0092733C /* wrong.caf */ = {isa = PBXFileReference; lastKnownFileType = file; path = wrong.caf; sourceTree = "<group>"; };
		D6D0A99826B921BA0092733C /* sliceHitEnemy.sks */ = {isa = PBXFileReference; lastKnownFileType = file.sks; path = sliceHitEnemy.sks; sourceTree = "<group>"; };
		D6D0A99926B921BA0092733C /* sliceBombFuse.caf */ = {isa = PBXFileReference; lastKnownFileType = file; path = sliceBombFuse.caf; sourceTree = "<group>"; };
		D6D0A99A26B921BA0092733C /* whack.caf */ = {isa = PBXFileReference; lastKnownFileType = file; path = whack.caf; sourceTree = "<group>"; };
		D6D0A99B26B921BA0092733C /* spark.png */ = {isa = PBXFileReference; lastKnownFileType = image.png; path = spark.png; sourceTree = "<group>"; };
		D6D0A99D26B921BA0092733C /* swoosh1.caf */ = {isa = PBXFileReference; lastKnownFileType = file; path = swoosh1.caf; sourceTree = "<group>"; };
		D6D0A99E26B921BA0092733C /* swoosh2.caf */ = {isa = PBXFileReference; lastKnownFileType = file; path = swoosh2.caf; sourceTree = "<group>"; };
/* End PBXFileReference section */

/* Begin PBXFrameworksBuildPhase section */
		D6D0A96E26B8085A0092733C /* Frameworks */ = {
			isa = PBXFrameworksBuildPhase;
			buildActionMask = 2147483647;
			files = (
			);
			runOnlyForDeploymentPostprocessing = 0;
		};
/* End PBXFrameworksBuildPhase section */

/* Begin PBXGroup section */
		D6D0A96826B8085A0092733C = {
			isa = PBXGroup;
			children = (
				D6D0A97326B8085A0092733C /* SwiftyNinja */,
				D6D0A97226B8085A0092733C /* Products */,
			);
			sourceTree = "<group>";
		};
		D6D0A97226B8085A0092733C /* Products */ = {
			isa = PBXGroup;
			children = (
				D6D0A97126B8085A0092733C /* SwiftyNinja.app */,
			);
			name = Products;
			sourceTree = "<group>";
		};
		D6D0A97326B8085A0092733C /* SwiftyNinja */ = {
			isa = PBXGroup;
			children = (
				D6D0A97426B8085A0092733C /* AppDelegate.swift */,
				D6D0A97626B8085A0092733C /* GameScene.sks */,
				D6D0A97A26B8085A0092733C /* GameScene.swift */,
				D6D0A97C26B8085A0092733C /* GameViewController.swift */,
				D6D0A97E26B8085A0092733C /* Main.storyboard */,
				D6D0A98126B8085A0092733C /* Assets.xcassets */,
				D6D0A98326B8085A0092733C /* Info.plist */,
				D6D0A98C26B9219E0092733C /* Content */,
			);
			path = SwiftyNinja;
			sourceTree = "<group>";
		};
		D6D0A98C26B9219E0092733C /* Content */ = {
			isa = PBXGroup;
			children = (
				D6D0A99526B921BA0092733C /* explosion.caf */,
				D6D0A99026B921BA0092733C /* launch.caf */,
				D6D0A99926B921BA0092733C /* sliceBombFuse.caf */,
				D6D0A98E26B921BA0092733C /* sliceFuse.sks */,
				D6D0A99226B921BA0092733C /* sliceHitBomb.sks */,
				D6D0A99826B921BA0092733C /* sliceHitEnemy.sks */,
				D6D0A99B26B921BA0092733C /* spark.png */,
				D6D0A99D26B921BA0092733C /* swoosh1.caf */,
				D6D0A99E26B921BA0092733C /* swoosh2.caf */,
				D6D0A98F26B921BA0092733C /* swoosh3.caf */,
				D6D0A99A26B921BA0092733C /* whack.caf */,
				D6D0A99726B921BA0092733C /* wrong.caf */,
			);
			path = Content;
			sourceTree = "<group>";
		};
/* End PBXGroup section */

/* Begin PBXNativeTarget section */
		D6D0A97026B8085A0092733C /* SwiftyNinja */ = {
			isa = PBXNativeTarget;
			buildConfigurationList = D6D0A98626B8085A0092733C /* Build configuration list for PBXNativeTarget "SwiftyNinja" */;
			buildPhases = (
				D6D0A96D26B8085A0092733C /* Sources */,
				D6D0A96E26B8085A0092733C /* Frameworks */,
				D6D0A96F26B8085A0092733C /* Resources */,
			);
			buildRules = (
			);
			dependencies = (
			);
			name = SwiftyNinja;
			productName = SwiftyNinja;
			productReference = D6D0A97126B8085A0092733C /* SwiftyNinja.app */;
			productType = "com.apple.product-type.application";
		};
/* End PBXNativeTarget section */

/* Begin PBXProject section */
		D6D0A96926B8085A0092733C /* Project object */ = {
			isa = PBXProject;
			attributes = {
				LastSwiftUpdateCheck = 1240;
				LastUpgradeCheck = 1240;
				TargetAttributes = {
					D6D0A97026B8085A0092733C = {
						CreatedOnToolsVersion = 12.4;
					};
				};
			};
			buildConfigurationList = D6D0A96C26B8085A0092733C /* Build configuration list for PBXProject "SwiftyNinja" */;
			compatibilityVersion = "Xcode 9.3";
			developmentRegion = en;
			hasScannedForEncodings = 0;
			knownRegions = (
				en,
				Base,
			);
			mainGroup = D6D0A96826B8085A0092733C;
			productRefGroup = D6D0A97226B8085A0092733C /* Products */;
			projectDirPath = "";
			projectRoot = "";
			targets = (
				D6D0A97026B8085A0092733C /* SwiftyNinja */,
			);
		};
/* End PBXProject section */

/* Begin PBXResourcesBuildPhase section */
		D6D0A96F26B8085A0092733C /* Resources */ = {
			isa = PBXResourcesBuildPhase;
			buildActionMask = 2147483647;
			files = (
				D6D0A9AF26B921BA0092733C /* swoosh2.caf in Resources */,
				D6D0A9AA26B921BA0092733C /* sliceBombFuse.caf in Resources */,
				D6D0A9AE26B921BA0092733C /* swoosh1.caf in Resources */,
				D6D0A98026B8085A0092733C /* Main.storyboard in Resources */,
				D6D0A9A926B921BA0092733C /* sliceHitEnemy.sks in Resources */,
				D6D0A9A126B921BA0092733C /* launch.caf in Resources */,
				D6D0A9A626B921BA0092733C /* explosion.caf in Resources */,
				D6D0A97726B8085A0092733C /* GameScene.sks in Resources */,
				D6D0A98226B8085A0092733C /* Assets.xcassets in Resources */,
				D6D0A9A326B921BA0092733C /* sliceHitBomb.sks in Resources */,
				D6D0A99F26B921BA0092733C /* sliceFuse.sks in Resources */,
				D6D0A9A026B921BA0092733C /* swoosh3.caf in Resources */,
				D6D0A9A826B921BA0092733C /* wrong.caf in Resources */,
				D6D0A9AB26B921BA0092733C /* whack.caf in Resources */,
				D6D0A9AC26B921BA0092733C /* spark.png in Resources */,
			);
			runOnlyForDeploymentPostprocessing = 0;
		};
/* End PBXResourcesBuildPhase section */

/* Begin PBXSourcesBuildPhase section */
		D6D0A96D26B8085A0092733C /* Sources */ = {
			isa = PBXSourcesBuildPhase;
			buildActionMask = 2147483647;
			files = (
				D6D0A97B26B8085A0092733C /* GameScene.swift in Sources */,
				D6D0A97D26B8085A0092733C /* GameViewController.swift in Sources */,
				D6D0A97526B8085A0092733C /* AppDelegate.swift in Sources */,
			);
			runOnlyForDeploymentPostprocessing = 0;
		};
/* End PBXSourcesBuildPhase section */

/* Begin PBXVariantGroup section */
		D6D0A97E26B8085A0092733C /* Main.storyboard */ = {
			isa = PBXVariantGroup;
			children = (
				D6D0A97F26B8085A0092733C /* Base */,
			);
			name = Main.storyboard;
			sourceTree = "<group>";
		};
/* End PBXVariantGroup section */

/* Begin XCBuildConfiguration section */
		D6D0A98426B8085A0092733C /* Debug */ = {
			isa = XCBuildConfiguration;
			buildSettings = {
				ALWAYS_SEARCH_USER_PATHS = NO;
				CLANG_ANALYZER_NONNULL = YES;
				CLANG_ANALYZER_NUMBER_OBJECT_CONVERSION = YES_AGGRESSIVE;
				CLANG_CXX_LANGUAGE_STANDARD = "gnu++14";
				CLANG_CXX_LIBRARY = "libc++";
				CLANG_ENABLE_MODULES = YES;
				CLANG_ENABLE_OBJC_ARC = YES;
				CLANG_ENABLE_OBJC_WEAK = YES;
				CLANG_WARN_BLOCK_CAPTURE_AUTORELEASING = YES;
				CLANG_WARN_BOOL_CONVERSION = YES;
				CLANG_WARN_COMMA = YES;
				CLANG_WARN_CONSTANT_CONVERSION = YES;
				CLANG_WARN_DEPRECATED_OBJC_IMPLEMENTATIONS = YES;
				CLANG_WARN_DIRECT_OBJC_ISA_USAGE = YES_ERROR;
				CLANG_WARN_DOCUMENTATION_COMMENTS = YES;
				CLANG_WARN_EMPTY_BODY = YES;
				CLANG_WARN_ENUM_CONVERSION = YES;
				CLANG_WARN_INFINITE_RECURSION = YES;
				CLANG_WARN_INT_CONVERSION = YES;
				CLANG_WARN_NON_LITERAL_NULL_CONVERSION = YES;
				CLANG_WARN_OBJC_IMPLICIT_RETAIN_SELF = YES;
				CLANG_WARN_OBJC_LITERAL_CONVERSION = YES;
				CLANG_WARN_OBJC_ROOT_CLASS = YES_ERROR;
				CLANG_WARN_QUOTED_INCLUDE_IN_FRAMEWORK_HEADER = YES;
				CLANG_WARN_RANGE_LOOP_ANALYSIS = YES;
				CLANG_WARN_STRICT_PROTOTYPES = YES;
				CLANG_WARN_SUSPICIOUS_MOVE = YES;
				CLANG_WARN_UNGUARDED_AVAILABILITY = YES_AGGRESSIVE;
				CLANG_WARN_UNREACHABLE_CODE = YES;
				CLANG_WARN__DUPLICATE_METHOD_MATCH = YES;
				COPY_PHASE_STRIP = NO;
				DEBUG_INFORMATION_FORMAT = dwarf;
				ENABLE_STRICT_OBJC_MSGSEND = YES;
				ENABLE_TESTABILITY = YES;
				GCC_C_LANGUAGE_STANDARD = gnu11;
				GCC_DYNAMIC_NO_PIC = NO;
				GCC_NO_COMMON_BLOCKS = YES;
				GCC_OPTIMIZATION_LEVEL = 0;
				GCC_PREPROCESSOR_DEFINITIONS = (
					"DEBUG=1",
					"$(inherited)",
				);
				GCC_WARN_64_TO_32_BIT_CONVERSION = YES;
				GCC_WARN_ABOUT_RETURN_TYPE = YES_ERROR;
				GCC_WARN_UNDECLARED_SELECTOR = YES;
				GCC_WARN_UNINITIALIZED_AUTOS = YES_AGGRESSIVE;
				GCC_WARN_UNUSED_FUNCTION = YES;
				GCC_WARN_UNUSED_VARIABLE = YES;
				IPHONEOS_DEPLOYMENT_TARGET = 14.4;
				MTL_ENABLE_DEBUG_INFO = INCLUDE_SOURCE;
				MTL_FAST_MATH = YES;
				ONLY_ACTIVE_ARCH = YES;
				SDKROOT = iphoneos;
				SWIFT_ACTIVE_COMPILATION_CONDITIONS = DEBUG;
				SWIFT_OPTIMIZATION_LEVEL = "-Onone";
			};
			name = Debug;
		};
		D6D0A98526B8085A0092733C /* Release */ = {
			isa = XCBuildConfiguration;
			buildSettings = {
				ALWAYS_SEARCH_USER_PATHS = NO;
				CLANG_ANALYZER_NONNULL = YES;
				CLANG_ANALYZER_NUMBER_OBJECT_CONVERSION = YES_AGGRESSIVE;
				CLANG_CXX_LANGUAGE_STANDARD = "gnu++14";
				CLANG_CXX_LIBRARY = "libc++";
				CLANG_ENABLE_MODULES = YES;
				CLANG_ENABLE_OBJC_ARC = YES;
				CLANG_ENABLE_OBJC_WEAK = YES;
				CLANG_WARN_BLOCK_CAPTURE_AUTORELEASING = YES;
				CLANG_WARN_BOOL_CONVERSION = YES;
				CLANG_WARN_COMMA = YES;
				CLANG_WARN_CONSTANT_CONVERSION = YES;
				CLANG_WARN_DEPRECATED_OBJC_IMPLEMENTATIONS = YES;
				CLANG_WARN_DIRECT_OBJC_ISA_USAGE = YES_ERROR;
				CLANG_WARN_DOCUMENTATION_COMMENTS = YES;
				CLANG_WARN_EMPTY_BODY = YES;
				CLANG_WARN_ENUM_CONVERSION = YES;
				CLANG_WARN_INFINITE_RECURSION = YES;
				CLANG_WARN_INT_CONVERSION = YES;
				CLANG_WARN_NON_LITERAL_NULL_CONVERSION = YES;
				CLANG_WARN_OBJC_IMPLICIT_RETAIN_SELF = YES;
				CLANG_WARN_OBJC_LITERAL_CONVERSION = YES;
				CLANG_WARN_OBJC_ROOT_CLASS = YES_ERROR;
				CLANG_WARN_QUOTED_INCLUDE_IN_FRAMEWORK_HEADER = YES;
				CLANG_WARN_RANGE_LOOP_ANALYSIS = YES;
				CLANG_WARN_STRICT_PROTOTYPES = YES;
				CLANG_WARN_SUSPICIOUS_MOVE = YES;
				CLANG_WARN_UNGUARDED_AVAILABILITY = YES_AGGRESSIVE;
				CLANG_WARN_UNREACHABLE_CODE = YES;
				CLANG_WARN__DUPLICATE_METHOD_MATCH = YES;
				COPY_PHASE_STRIP = NO;
				DEBUG_INFORMATION_FORMAT = "dwarf-with-dsym";
				ENABLE_NS_ASSERTIONS = NO;
				ENABLE_STRICT_OBJC_MSGSEND = YES;
				GCC_C_LANGUAGE_STANDARD = gnu11;
				GCC_NO_COMMON_BLOCKS = YES;
				GCC_WARN_64_TO_32_BIT_CONVERSION = YES;
				GCC_WARN_ABOUT_RETURN_TYPE = YES_ERROR;
				GCC_WARN_UNDECLARED_SELECTOR = YES;
				GCC_WARN_UNINITIALIZED_AUTOS = YES_AGGRESSIVE;
				GCC_WARN_UNUSED_FUNCTION = YES;
				GCC_WARN_UNUSED_VARIABLE = YES;
				IPHONEOS_DEPLOYMENT_TARGET = 14.4;
				MTL_ENABLE_DEBUG_INFO = NO;
				MTL_FAST_MATH = YES;
				SDKROOT = iphoneos;
				SWIFT_COMPILATION_MODE = wholemodule;
				SWIFT_OPTIMIZATION_LEVEL = "-O";
				VALIDATE_PRODUCT = YES;
			};
			name = Release;
		};
		D6D0A98726B8085A0092733C /* Debug */ = {
			isa = XCBuildConfiguration;
			buildSettings = {
				ASSETCATALOG_COMPILER_APPICON_NAME = AppIcon;
				ASSETCATALOG_COMPILER_GLOBAL_ACCENT_COLOR_NAME = AccentColor;
				CODE_SIGN_STYLE = Automatic;
				DEVELOPMENT_TEAM = 73YFFUD89Y;
				INFOPLIST_FILE = SwiftyNinja/Info.plist;
				LD_RUNPATH_SEARCH_PATHS = (
					"$(inherited)",
					"@executable_path/Frameworks",
				);
				PRODUCT_BUNDLE_IDENTIFIER = frostfell.SwiftyNinja;
				PRODUCT_NAME = "$(TARGET_NAME)";
				SWIFT_VERSION = 5.0;
				TARGETED_DEVICE_FAMILY = 2;
			};
			name = Debug;
		};
		D6D0A98826B8085A0092733C /* Release */ = {
			isa = XCBuildConfiguration;
			buildSettings = {
				ASSETCATALOG_COMPILER_APPICON_NAME = AppIcon;
				ASSETCATALOG_COMPILER_GLOBAL_ACCENT_COLOR_NAME = AccentColor;
				CODE_SIGN_STYLE = Automatic;
				DEVELOPMENT_TEAM = 73YFFUD89Y;
				INFOPLIST_FILE = SwiftyNinja/Info.plist;
				LD_RUNPATH_SEARCH_PATHS = (
					"$(inherited)",
					"@executable_path/Frameworks",
				);
				PRODUCT_BUNDLE_IDENTIFIER = frostfell.SwiftyNinja;
				PRODUCT_NAME = "$(TARGET_NAME)";
				SWIFT_VERSION = 5.0;
				TARGETED_DEVICE_FAMILY = 2;
			};
			name = Release;
		};
/* End XCBuildConfiguration section */

/* Begin XCConfigurationList section */
		D6D0A96C26B8085A0092733C /* Build configuration list for PBXProject "SwiftyNinja" */ = {
			isa = XCConfigurationList;
			buildConfigurations = (
				D6D0A98426B8085A0092733C /* Debug */,
				D6D0A98526B8085A0092733C /* Release */,
			);
			defaultConfigurationIsVisible = 0;
			defaultConfigurationName = Release;
		};
		D6D0A98626B8085A0092733C /* Build configuration list for PBXNativeTarget "SwiftyNinja" */ = {
			isa = XCConfigurationList;
			buildConfigurations = (
				D6D0A98726B8085A0092733C /* Debug */,
				D6D0A98826B8085A0092733C /* Release */,
			);
			defaultConfigurationIsVisible = 0;
			defaultConfigurationName = Release;
		};
/* End XCConfigurationList section */
	};
	rootObject = D6D0A96926B8085A0092733C /* Project object */;
}
